
Microsoft Visual Studio Solution File, Format Version 12.00
# Visual Studio Version 17
VisualStudioVersion = 17.11.35208.52
MinimumVisualStudioVersion = 10.0.40219.1
Project("{FAE04EC0-301F-11D3-BF4B-00C04F79EFBC}") = "EmployeeManagementSystem", "EmployeeManagementSystem\EmployeeManagementSystem.csproj", "{EB642684-C7F7-4A9E-AE4F-FEF9A1FB097E}"
EndProject
Global
	GlobalSection(SolutionConfigurationPlatforms) = preSolution
		Debug|Any CPU = Debug|Any CPU
		Release|Any CPU = Release|Any CPU
	EndGlobalSection
	GlobalSection(ProjectConfigurationPlatforms) = postSolution
		{EB642684-C7F7-4A9E-AE4F-FEF9A1FB097E}.Debug|Any CPU.ActiveCfg = Debug|Any CPU
		{EB642684-C7F7-4A9E-AE4F-FEF9A1FB097E}.Debug|Any CPU.Build.0 = Debug|Any CPU
		{EB642684-C7F7-4A9E-AE4F-FEF9A1FB097E}.Release|Any CPU.ActiveCfg = Release|Any CPU
		{EB642684-C7F7-4A9E-AE4F-FEF9A1FB097E}.Release|Any CPU.Build.0 = Release|Any CPU
	EndGlobalSection
	GlobalSection(SolutionProperties) = preSolution
		HideSolutionNode = FALSE
	EndGlobalSection
	GlobalSection(ExtensibilityGlobals) = postSolution
		SolutionGuid = {00C7728A-F4CE-44D0-AAA6-FA49155A5A2D}
	EndGlobalSection
EndGlobal
